
Microsoft Visual Studio Solution File, Format Version 12.00
# Visual Studio 15
Project("{FAE04EC0-301F-11D3-BF4B-00C04F79EFBC}") = "PlistSharper", "PlistSharper\PlistSharper.csproj", "{0B7952CC-4F65-47C7-873B-529E7491AE89}"
EndProject
Global
	GlobalSection(SolutionConfigurationPlatforms) = preSolution
		Debug|Any CPU = Debug|Any CPU
		Release|Any CPU = Release|Any CPU
	EndGlobalSection
	GlobalSection(ProjectConfigurationPlatforms) = postSolution
		{0B7952CC-4F65-47C7-873B-529E7491AE89}.Debug|Any CPU.ActiveCfg = Debug|Any CPU
		{0B7952CC-4F65-47C7-873B-529E7491AE89}.Debug|Any CPU.Build.0 = Debug|Any CPU
		{0B7952CC-4F65-47C7-873B-529E7491AE89}.Release|Any CPU.ActiveCfg = Release|Any CPU
		{0B7952CC-4F65-47C7-873B-529E7491AE89}.Release|Any CPU.Build.0 = Release|Any CPU
	EndGlobalSection
EndGlobal
